
Microsoft Visual Studio Solution File, Format Version 12.00
# Visual Studio Version 16
VisualStudioVersion = 16.0.31129.286
MinimumVisualStudioVersion = 10.0.40219.1
Project("{FAE04EC0-301F-11D3-BF4B-00C04F79EFBC}") = "MarsRover.Entities", "MarsRover.Entities\MarsRover.Entities.csproj", "{6D2D9A69-8CE2-46F2-A063-157B008C4545}"
EndProject
Project("{FAE04EC0-301F-11D3-BF4B-00C04F79EFBC}") = "MarsRover.Core", "MarsRover.Core\MarsRover.Core.csproj", "{B910F69B-2BDC-4F89-B4D3-CA086F58DB38}"
EndProject
Project("{FAE04EC0-301F-11D3-BF4B-00C04F79EFBC}") = "MarsRover.Business", "MarsRover.Business\MarsRover.Business.csproj", "{FF107928-00A3-4342-8A65-A5A4509DEF3C}"
EndProject
Project("{FAE04EC0-301F-11D3-BF4B-00C04F79EFBC}") = "MarsRover.ConsoleApp", "MarsRover.Console\MarsRover.ConsoleApp.csproj", "{7AFF0737-2887-444D-AC5B-C664EB439C14}"
EndProject
Project("{FAE04EC0-301F-11D3-BF4B-00C04F79EFBC}") = "MarsRover.Test", "MarsRover.Test\MarsRover.Test.csproj", "{C7154401-8E10-4918-B249-052BF3232C97}"
EndProject
Global
	GlobalSection(SolutionConfigurationPlatforms) = preSolution
		Debug|Any CPU = Debug|Any CPU
		Release|Any CPU = Release|Any CPU
	EndGlobalSection
	GlobalSection(ProjectConfigurationPlatforms) = postSolution
		{6D2D9A69-8CE2-46F2-A063-157B008C4545}.Debug|Any CPU.ActiveCfg = Debug|Any CPU
		{6D2D9A69-8CE2-46F2-A063-157B008C4545}.Debug|Any CPU.Build.0 = Debug|Any CPU
		{6D2D9A69-8CE2-46F2-A063-157B008C4545}.Release|Any CPU.ActiveCfg = Release|Any CPU
		{6D2D9A69-8CE2-46F2-A063-157B008C4545}.Release|Any CPU.Build.0 = Release|Any CPU
		{B910F69B-2BDC-4F89-B4D3-CA086F58DB38}.Debug|Any CPU.ActiveCfg = Debug|Any CPU
		{B910F69B-2BDC-4F89-B4D3-CA086F58DB38}.Debug|Any CPU.Build.0 = Debug|Any CPU
		{B910F69B-2BDC-4F89-B4D3-CA086F58DB38}.Release|Any CPU.ActiveCfg = Release|Any CPU
		{B910F69B-2BDC-4F89-B4D3-CA086F58DB38}.Release|Any CPU.Build.0 = Release|Any CPU
		{FF107928-00A3-4342-8A65-A5A4509DEF3C}.Debug|Any CPU.ActiveCfg = Debug|Any CPU
		{FF107928-00A3-4342-8A65-A5A4509DEF3C}.Debug|Any CPU.Build.0 = Debug|Any CPU
		{FF107928-00A3-4342-8A65-A5A4509DEF3C}.Release|Any CPU.ActiveCfg = Release|Any CPU
		{FF107928-00A3-4342-8A65-A5A4509DEF3C}.Release|Any CPU.Build.0 = Release|Any CPU
		{7AFF0737-2887-444D-AC5B-C664EB439C14}.Debug|Any CPU.ActiveCfg = Debug|Any CPU
		{7AFF0737-2887-444D-AC5B-C664EB439C14}.Debug|Any CPU.Build.0 = Debug|Any CPU
		{7AFF0737-2887-444D-AC5B-C664EB439C14}.Release|Any CPU.ActiveCfg = Release|Any CPU
		{7AFF0737-2887-444D-AC5B-C664EB439C14}.Release|Any CPU.Build.0 = Release|Any CPU
		{C7154401-8E10-4918-B249-052BF3232C97}.Debug|Any CPU.ActiveCfg = Debug|Any CPU
		{C7154401-8E10-4918-B249-052BF3232C97}.Debug|Any CPU.Build.0 = Debug|Any CPU
		{C7154401-8E10-4918-B249-052BF3232C97}.Release|Any CPU.ActiveCfg = Release|Any CPU
		{C7154401-8E10-4918-B249-052BF3232C97}.Release|Any CPU.Build.0 = Release|Any CPU
	EndGlobalSection
	GlobalSection(SolutionProperties) = preSolution
		HideSolutionNode = FALSE
	EndGlobalSection
	GlobalSection(ExtensibilityGlobals) = postSolution
		SolutionGuid = {48B3C355-19B4-4E68-851C-571253D19784}
	EndGlobalSection
EndGlobal
